
Microsoft Visual Studio Solution File, Format Version 12.00
# Visual Studio 15
VisualStudioVersion = 15.0.26228.9
MinimumVisualStudioVersion = 10.0.40219.1
Project("{FAE04EC0-301F-11D3-BF4B-00C04F79EFBC}") = "CommandLineGame", "CommandLineGame\CommandLineGame.csproj", "{A1D28C17-421B-46D9-83FF-2C6E9AB2C950}"
EndProject
Global
	GlobalSection(SolutionConfigurationPlatforms) = preSolution
		Debug|Any CPU = Debug|Any CPU
		Release|Any CPU = Release|Any CPU
	EndGlobalSection
	GlobalSection(ProjectConfigurationPlatforms) = postSolution
		{A1D28C17-421B-46D9-83FF-2C6E9AB2C950}.Debug|Any CPU.ActiveCfg = Debug|Any CPU
		{A1D28C17-421B-46D9-83FF-2C6E9AB2C950}.Debug|Any CPU.Build.0 = Debug|Any CPU
		{A1D28C17-421B-46D9-83FF-2C6E9AB2C950}.Release|Any CPU.ActiveCfg = Release|Any CPU
		{A1D28C17-421B-46D9-83FF-2C6E9AB2C950}.Release|Any CPU.Build.0 = Release|Any CPU
	EndGlobalSection
	GlobalSection(SolutionProperties) = preSolution
		HideSolutionNode = FALSE
	EndGlobalSection
EndGlobal
